PODS:
  - Alamofire (5.9.1)
  - Differentiator (5.0.0)
  - Kingfisher (7.11.0)
  - RxAlamofire (6.1.1):
    - RxAlamofire/Core (= 6.1.1)
  - RxAlamofire/Core (6.1.1):
    - Alamofire (~> 5.4)
    - RxSwift (~> 6.0)
  - RxCocoa (6.5.0):
    - RxRelay (= 6.5.0)
    - RxSwift (= 6.5.0)
  - RxDataSources (5.0.0):
    - Differentiator (~> 5.0)
    - RxCocoa (~> 6.0)
    - RxSwift (~> 6.0)
  - RxRelay (6.5.0):
    - RxSwift (= 6.5.0)
  - RxSwift (6.5.0)

DEPENDENCIES:
  - Kingfisher (~> 7.0)
  - RxAlamofire
  - RxCocoa (= 6.5.0)
  - RxDataSources (~> 5.0)
  - RxSwift (= 6.5.0)

SPEC REPOS:
  https://github.com/CocoaPods/Specs.git:
    - Alamofire
    - Differentiator
    - Kingfisher
    - RxAlamofire
    - RxCocoa
    - RxDataSources
    - RxRelay
    - RxSwift

SPEC CHECKSUMS:
  Alamofire: f36a35757af4587d8e4f4bfa223ad10be2422b8c
  Differentiator: e8497ceab83c1b10ca233716d547b9af21b9344d
  Kingfisher: b9c985d864d43515f404f1ef4a8ce7d802ace3ac
  RxAlamofire: beb75a1c452d0de225651db4903f5d29d034a620
  RxCocoa: 94f817b71c07517321eb4f9ad299112ca8af743b
  RxDataSources: aa47cc1ed6c500fa0dfecac5c979b723542d79cf
  RxRelay: 1de1523e604c72b6c68feadedd1af3b1b4d0ecbd
  RxSwift: 5710a9e6b17f3c3d6e40d6e559b9fa1e813b2ef8

PODFILE CHECKSUM: 6af5a9037b016b46ab80a4785a982cc7a140113e

COCOAPODS: 1.15.2
